// !$*UTF8*$!
{
	archiveVersion = 1;
	classes = {
	};
	objectVersion = 50;
	objects = {

/* Begin PBXBuildFile section */
		FE1545D625FE5C6300B69CA6 /* AppDelegate.m in Sources */ = {isa = PBXBuildFile; fileRef = FE1545D525FE5C6300B69CA6 /* AppDelegate.m */; };
		FE1545DC25FE5C6300B69CA6 /* ViewController.m in Sources */ = {isa = PBXBuildFile; fileRef = FE1545DB25FE5C6300B69CA6 /* ViewController.m */; };
		FE1545E125FE5C6500B69CA6 /* Assets.xcassets in Resources */ = {isa = PBXBuildFile; fileRef = FE1545E025FE5C6500B69CA6 /* Assets.xcassets */; };
		FE1545E425FE5C6500B69CA6 /* LaunchScreen.storyboard in Resources */ = {isa = PBXBuildFile; fileRef = FE1545E225FE5C6500B69CA6 /* LaunchScreen.storyboard */; };
		FE1545E725FE5C6500B69CA6 /* main.m in Sources */ = {isa = PBXBuildFile; fileRef = FE1545E625FE5C6500B69CA6 /* main.m */; };
/* End PBXBuildFile section */

/* Begin PBXFileReference section */
		FE1545D125FE5C6300B69CA6 /* ExampObjC-homework4.app */ = {isa = PBXFileReference; explicitFileType = wrapper.application; includeInIndex = 0; path = "ExampObjC-homework4.app"; sourceTree = BUILT_PRODUCTS_DIR; };
		FE1545D425FE5C6300B69CA6 /* AppDelegate.h */ = {isa = PBXFileReference; lastKnownFileType = sourcecode.c.h; path = AppDelegate.h; sourceTree = "<group>"; };
		FE1545D525FE5C6300B69CA6 /* AppDelegate.m */ = {isa = PBXFileReference; lastKnownFileType = sourcecode.c.objc; path = AppDelegate.m; sourceTree = "<group>"; };
		FE1545DA25FE5C6300B69CA6 /* ViewController.h */ = {isa = PBXFileReference; lastKnownFileType = sourcecode.c.h; path = ViewController.h; sourceTree = "<group>"; };
		FE1545DB25FE5C6300B69CA6 /* ViewController.m */ = {isa = PBXFileReference; lastKnownFileType = sourcecode.c.objc; path = ViewController.m; sourceTree = "<group>"; };
		FE1545E025FE5C6500B69CA6 /* Assets.xcassets */ = {isa = PBXFileReference; lastKnownFileType = folder.assetcatalog; path = Assets.xcassets; sourceTree = "<group>"; };
		FE1545E325FE5C6500B69CA6 /* Base */ = {isa = PBXFileReference; lastKnownFileType = file.storyboard; name = Base; path = Base.lproj/LaunchScreen.storyboard; sourceTree = "<group>"; };
		FE1545E525FE5C6500B69CA6 /* Info.plist */ = {isa = PBXFileReference; lastKnownFileType = text.plist.xml; path = Info.plist; sourceTree = "<group>"; };
		FE1545E625FE5C6500B69CA6 /* main.m */ = {isa = PBXFileReference; lastKnownFileType = sourcecode.c.objc; path = main.m; sourceTree = "<group>"; };
/* End PBXFileReference section */

/* Begin PBXFrameworksBuildPhase section */
		FE1545CE25FE5C6300B69CA6 /* Frameworks */ = {
			isa = PBXFrameworksBuildPhase;
			buildActionMask = 2147483647;
			files = (
			);
			runOnlyForDeploymentPostprocessing = 0;
		};
/* End PBXFrameworksBuildPhase section */

/* Begin PBXGroup section */
		FE1545C825FE5C6300B69CA6 = {
			isa = PBXGroup;
			children = (
				FE1545D325FE5C6300B69CA6 /* ExampObjC-homework4 */,
				FE1545D225FE5C6300B69CA6 /* Products */,
			);
			sourceTree = "<group>";
		};
		FE1545D225FE5C6300B69CA6 /* Products */ = {
			isa = PBXGroup;
			children = (
				FE1545D125FE5C6300B69CA6 /* ExampObjC-homework4.app */,
			);
			name = Products;
			sourceTree = "<group>";
		};
		FE1545D325FE5C6300B69CA6 /* ExampObjC-homework4 */ = {
			isa = PBXGroup;
			children = (
				FE1545F025FE5D1500B69CA6 /* App */,
				FE1545F325FE5DFA00B69CA6 /* Main */,
				FE1545F125FE5DA100B69CA6 /* Resourses */,
			);
			path = "ExampObjC-homework4";
			sourceTree = "<group>";
		};
		FE1545F025FE5D1500B69CA6 /* App */ = {
			isa = PBXGroup;
			children = (
				FE1545D425FE5C6300B69CA6 /* AppDelegate.h */,
				FE1545D525FE5C6300B69CA6 /* AppDelegate.m */,
			);
			path = App;
			sourceTree = "<group>";
		};
		FE1545F125FE5DA100B69CA6 /* Resourses */ = {
			isa = PBXGroup;
			children = (
				FE1545E225FE5C6500B69CA6 /* LaunchScreen.storyboard */,
				FE1545E025FE5C6500B69CA6 /* Assets.xcassets */,
				FE1545E625FE5C6500B69CA6 /* main.m */,
				FE1545E525FE5C6500B69CA6 /* Info.plist */,
			);
			path = Resourses;
			sourceTree = "<group>";
		};
		FE1545F325FE5DFA00B69CA6 /* Main */ = {
			isa = PBXGroup;
			children = (
				FE1545DA25FE5C6300B69CA6 /* ViewController.h */,
				FE1545DB25FE5C6300B69CA6 /* ViewController.m */,
			);
			path = Main;
			sourceTree = "<group>";
		};
/* End PBXGroup section */

/* Begin PBXNativeTarget section */
		FE1545D025FE5C6300B69CA6 /* ExampObjC-homework4 */ = {
			isa = PBXNativeTarget;
			buildConfigurationList = FE1545EA25FE5C6500B69CA6 /* Build configuration list for PBXNativeTarget "ExampObjC-homework4" */;
			buildPhases = (
				FE1545CD25FE5C6300B69CA6 /* Sources */,
				FE1545CE25FE5C6300B69CA6 /* Frameworks */,
				FE1545CF25FE5C6300B69CA6 /* Resources */,
			);
			buildRules = (
			);
			dependencies = (
			);
			name = "ExampObjC-homework4";
			productName = "ExampObjC-homework4";
			productReference = FE1545D125FE5C6300B69CA6 /* ExampObjC-homework4.app */;
			productType = "com.apple.product-type.application";
		};
/* End PBXNativeTarget section */

/* Begin PBXProject section */
		FE1545C925FE5C6300B69CA6 /* Project object */ = {
			isa = PBXProject;
			attributes = {
				LastUpgradeCheck = 1220;
				TargetAttributes = {
					FE1545D025FE5C6300B69CA6 = {
						CreatedOnToolsVersion = 12.2;
					};
				};
			};
			buildConfigurationList = FE1545CC25FE5C6300B69CA6 /* Build configuration list for PBXProject "ExampObjC-homework4" */;
			compatibilityVersion = "Xcode 9.3";
			developmentRegion = en;
			hasScannedForEncodings = 0;
			knownRegions = (
				en,
				Base,
			);
			mainGroup = FE1545C825FE5C6300B69CA6;
			productRefGroup = FE1545D225FE5C6300B69CA6 /* Products */;
			projectDirPath = "";
			projectRoot = "";
			targets = (
				FE1545D025FE5C6300B69CA6 /* ExampObjC-homework4 */,
			);
		};
/* End PBXProject section */

/* Begin PBXResourcesBuildPhase section */
		FE1545CF25FE5C6300B69CA6 /* Resources */ = {
			isa = PBXResourcesBuildPhase;
			buildActionMask = 2147483647;
			files = (
				FE1545E425FE5C6500B69CA6 /* LaunchScreen.storyboard in Resources */,
				FE1545E125FE5C6500B69CA6 /* Assets.xcassets in Resources */,
			);
			runOnlyForDeploymentPostprocessing = 0;
		};
/* End PBXResourcesBuildPhase section */

/* Begin PBXSourcesBuildPhase section */
		FE1545CD25FE5C6300B69CA6 /* Sources */ = {
			isa = PBXSourcesBuildPhase;
			buildActionMask = 2147483647;
			files = (
				FE1545DC25FE5C6300B69CA6 /* ViewController.m in Sources */,
				FE1545D625FE5C6300B69CA6 /* AppDelegate.m in Sources */,
				FE1545E725FE5C6500B69CA6 /* main.m in Sources */,
			);
			runOnlyForDeploymentPostprocessing = 0;
		};
/* End PBXSourcesBuildPhase section */

/* Begin PBXVariantGroup section */
		FE1545E225FE5C6500B69CA6 /* LaunchScreen.storyboard */ = {
			isa = PBXVariantGroup;
			children = (
				FE1545E325FE5C6500B69CA6 /* Base */,
			);
			name = LaunchScreen.storyboard;
			sourceTree = "<group>";
		};
/* End PBXVariantGroup section */

/* Begin XCBuildConfiguration section */
		FE1545E825FE5C6500B69CA6 /* Debug */ = {
			isa = XCBuildConfiguration;
			buildSettings = {
				ALWAYS_SEARCH_USER_PATHS = NO;
				CLANG_ANALYZER_NONNULL = YES;
				CLANG_ANALYZER_NUMBER_OBJECT_CONVERSION = YES_AGGRESSIVE;
				CLANG_CXX_LANGUAGE_STANDARD = "gnu++14";
				CLANG_CXX_LIBRARY = "libc++";
				CLANG_ENABLE_MODULES = YES;
				CLANG_ENABLE_OBJC_ARC = YES;
				CLANG_ENABLE_OBJC_WEAK = YES;
				CLANG_WARN_BLOCK_CAPTURE_AUTORELEASING = YES;
				CLANG_WARN_BOOL_CONVERSION = YES;
				CLANG_WARN_COMMA = YES;
				CLANG_WARN_CONSTANT_CONVERSION = YES;
				CLANG_WARN_DEPRECATED_OBJC_IMPLEMENTATIONS = YES;
				CLANG_WARN_DIRECT_OBJC_ISA_USAGE = YES_ERROR;
				CLANG_WARN_DOCUMENTATION_COMMENTS = YES;
				CLANG_WARN_EMPTY_BODY = YES;
				CLANG_WARN_ENUM_CONVERSION = YES;
				CLANG_WARN_INFINITE_RECURSION = YES;
				CLANG_WARN_INT_CONVERSION = YES;
				CLANG_WARN_NON_LITERAL_NULL_CONVERSION = YES;
				CLANG_WARN_OBJC_IMPLICIT_RETAIN_SELF = YES;
				CLANG_WARN_OBJC_LITERAL_CONVERSION = YES;
				CLANG_WARN_OBJC_ROOT_CLASS = YES_ERROR;
				CLANG_WARN_QUOTED_INCLUDE_IN_FRAMEWORK_HEADER = YES;
				CLANG_WARN_RANGE_LOOP_ANALYSIS = YES;
				CLANG_WARN_STRICT_PROTOTYPES = YES;
				CLANG_WARN_SUSPICIOUS_MOVE = YES;
				CLANG_WARN_UNGUARDED_AVAILABILITY = YES_AGGRESSIVE;
				CLANG_WARN_UNREACHABLE_CODE = YES;
				CLANG_WARN__DUPLICATE_METHOD_MATCH = YES;
				COPY_PHASE_STRIP = NO;
				DEBUG_INFORMATION_FORMAT = dwarf;
				ENABLE_STRICT_OBJC_MSGSEND = YES;
				ENABLE_TESTABILITY = YES;
				GCC_C_LANGUAGE_STANDARD = gnu11;
				GCC_DYNAMIC_NO_PIC = NO;
				GCC_NO_COMMON_BLOCKS = YES;
				GCC_OPTIMIZATION_LEVEL = 0;
				GCC_PREPROCESSOR_DEFINITIONS = (
					"DEBUG=1",
					"$(inherited)",
				);
				GCC_WARN_64_TO_32_BIT_CONVERSION = YES;
				GCC_WARN_ABOUT_RETURN_TYPE = YES_ERROR;
				GCC_WARN_UNDECLARED_SELECTOR = YES;
				GCC_WARN_UNINITIALIZED_AUTOS = YES_AGGRESSIVE;
				GCC_WARN_UNUSED_FUNCTION = YES;
				GCC_WARN_UNUSED_VARIABLE = YES;
				IPHONEOS_DEPLOYMENT_TARGET = 14.2;
				MTL_ENABLE_DEBUG_INFO = INCLUDE_SOURCE;
				MTL_FAST_MATH = YES;
				ONLY_ACTIVE_ARCH = YES;
				SDKROOT = iphoneos;
			};
			name = Debug;
		};
		FE1545E925FE5C6500B69CA6 /* Release */ = {
			isa = XCBuildConfiguration;
			buildSettings = {
				ALWAYS_SEARCH_USER_PATHS = NO;
				CLANG_ANALYZER_NONNULL = YES;
				CLANG_ANALYZER_NUMBER_OBJECT_CONVERSION = YES_AGGRESSIVE;
				CLANG_CXX_LANGUAGE_STANDARD = "gnu++14";
				CLANG_CXX_LIBRARY = "libc++";
				CLANG_ENABLE_MODULES = YES;
				CLANG_ENABLE_OBJC_ARC = YES;
				CLANG_ENABLE_OBJC_WEAK = YES;
				CLANG_WARN_BLOCK_CAPTURE_AUTORELEASING = YES;
				CLANG_WARN_BOOL_CONVERSION = YES;
				CLANG_WARN_COMMA = YES;
				CLANG_WARN_CONSTANT_CONVERSION = YES;
				CLANG_WARN_DEPRECATED_OBJC_IMPLEMENTATIONS = YES;
				CLANG_WARN_DIRECT_OBJC_ISA_USAGE = YES_ERROR;
				CLANG_WARN_DOCUMENTATION_COMMENTS = YES;
				CLANG_WARN_EMPTY_BODY = YES;
				CLANG_WARN_ENUM_CONVERSION = YES;
				CLANG_WARN_INFINITE_RECURSION = YES;
				CLANG_WARN_INT_CONVERSION = YES;
				CLANG_WARN_NON_LITERAL_NULL_CONVERSION = YES;
				CLANG_WARN_OBJC_IMPLICIT_RETAIN_SELF = YES;
				CLANG_WARN_OBJC_LITERAL_CONVERSION = YES;
				CLANG_WARN_OBJC_ROOT_CLASS = YES_ERROR;
				CLANG_WARN_QUOTED_INCLUDE_IN_FRAMEWORK_HEADER = YES;
				CLANG_WARN_RANGE_LOOP_ANALYSIS = YES;
				CLANG_WARN_STRICT_PROTOTYPES = YES;
				CLANG_WARN_SUSPICIOUS_MOVE = YES;
				CLANG_WARN_UNGUARDED_AVAILABILITY = YES_AGGRESSIVE;
				CLANG_WARN_UNREACHABLE_CODE = YES;
				CLANG_WARN__DUPLICATE_METHOD_MATCH = YES;
				COPY_PHASE_STRIP = NO;
				DEBUG_INFORMATION_FORMAT = "dwarf-with-dsym";
				ENABLE_NS_ASSERTIONS = NO;
				ENABLE_STRICT_OBJC_MSGSEND = YES;
				GCC_C_LANGUAGE_STANDARD = gnu11;
				GCC_NO_COMMON_BLOCKS = YES;
				GCC_WARN_64_TO_32_BIT_CONVERSION = YES;
				GCC_WARN_ABOUT_RETURN_TYPE = YES_ERROR;
				GCC_WARN_UNDECLARED_SELECTOR = YES;
				GCC_WARN_UNINITIALIZED_AUTOS = YES_AGGRESSIVE;
				GCC_WARN_UNUSED_FUNCTION = YES;
				GCC_WARN_UNUSED_VARIABLE = YES;
				IPHONEOS_DEPLOYMENT_TARGET = 14.2;
				MTL_ENABLE_DEBUG_INFO = NO;
				MTL_FAST_MATH = YES;
				SDKROOT = iphoneos;
				VALIDATE_PRODUCT = YES;
			};
			name = Release;
		};
		FE1545EB25FE5C6500B69CA6 /* Debug */ = {
			isa = XCBuildConfiguration;
			buildSettings = {
				ASSETCATALOG_COMPILER_APPICON_NAME = AppIcon;
				ASSETCATALOG_COMPILER_GLOBAL_ACCENT_COLOR_NAME = AccentColor;
				CODE_SIGN_STYLE = Automatic;
				INFOPLIST_FILE = "ExampObjC-homework4/Resourses/Info.plist";
				LD_RUNPATH_SEARCH_PATHS = (
					"$(inherited)",
					"@executable_path/Frameworks",
				);
				PRODUCT_BUNDLE_IDENTIFIER = "Alla.ExampObjC-homework4";
				PRODUCT_NAME = "$(TARGET_NAME)";
				TARGETED_DEVICE_FAMILY = "1,2";
			};
			name = Debug;
		};
		FE1545EC25FE5C6500B69CA6 /* Release */ = {
			isa = XCBuildConfiguration;
			buildSettings = {
				ASSETCATALOG_COMPILER_APPICON_NAME = AppIcon;
				ASSETCATALOG_COMPILER_GLOBAL_ACCENT_COLOR_NAME = AccentColor;
				CODE_SIGN_STYLE = Automatic;
				INFOPLIST_FILE = "ExampObjC-homework4/Resourses/Info.plist";
				LD_RUNPATH_SEARCH_PATHS = (
					"$(inherited)",
					"@executable_path/Frameworks",
				);
				PRODUCT_BUNDLE_IDENTIFIER = "Alla.ExampObjC-homework4";
				PRODUCT_NAME = "$(TARGET_NAME)";
				TARGETED_DEVICE_FAMILY = "1,2";
			};
			name = Release;
		};
/* End XCBuildConfiguration section */

/* Begin XCConfigurationList section */
		FE1545CC25FE5C6300B69CA6 /* Build configuration list for PBXProject "ExampObjC-homework4" */ = {
			isa = XCConfigurationList;
			buildConfigurations = (
				FE1545E825FE5C6500B69CA6 /* Debug */,
				FE1545E925FE5C6500B69CA6 /* Release */,
			);
			defaultConfigurationIsVisible = 0;
			defaultConfigurationName = Release;
		};
		FE1545EA25FE5C6500B69CA6 /* Build configuration list for PBXNativeTarget "ExampObjC-homework4" */ = {
			isa = XCConfigurationList;
			buildConfigurations = (
				FE1545EB25FE5C6500B69CA6 /* Debug */,
				FE1545EC25FE5C6500B69CA6 /* Release */,
			);
			defaultConfigurationIsVisible = 0;
			defaultConfigurationName = Release;
		};
/* End XCConfigurationList section */
	};
	rootObject = FE1545C925FE5C6300B69CA6 /* Project object */;
}
